
Microsoft Visual Studio Solution File, Format Version 12.00
# Visual Studio 15
VisualStudioVersion = 15.0.26730.12
MinimumVisualStudioVersion = 10.0.40219.1
Project("{FAE04EC0-301F-11D3-BF4B-00C04F79EFBC}") = "CandidateTracker.Web", "CandidateTracker.Web\CandidateTracker.Web.csproj", "{736BB28F-9268-4820-9372-07C32CB59BF2}"
EndProject
Project("{FAE04EC0-301F-11D3-BF4B-00C04F79EFBC}") = "CandidateTracker.Data", "CandidateTracker.Data\CandidateTracker.Data.csproj", "{894E86E9-079C-4A83-85A8-752FE2A5EB3E}"
EndProject
Global
	GlobalSection(SolutionConfigurationPlatforms) = preSolution
		Debug|Any CPU = Debug|Any CPU
		Release|Any CPU = Release|Any CPU
	EndGlobalSection
	GlobalSection(ProjectConfigurationPlatforms) = postSolution
		{736BB28F-9268-4820-9372-07C32CB59BF2}.Debug|Any CPU.ActiveCfg = Debug|Any CPU
		{736BB28F-9268-4820-9372-07C32CB59BF2}.Debug|Any CPU.Build.0 = Debug|Any CPU
		{736BB28F-9268-4820-9372-07C32CB59BF2}.Release|Any CPU.ActiveCfg = Release|Any CPU
		{736BB28F-9268-4820-9372-07C32CB59BF2}.Release|Any CPU.Build.0 = Release|Any CPU
		{894E86E9-079C-4A83-85A8-752FE2A5EB3E}.Debug|Any CPU.ActiveCfg = Debug|Any CPU
		{894E86E9-079C-4A83-85A8-752FE2A5EB3E}.Debug|Any CPU.Build.0 = Debug|Any CPU
		{894E86E9-079C-4A83-85A8-752FE2A5EB3E}.Release|Any CPU.ActiveCfg = Release|Any CPU
		{894E86E9-079C-4A83-85A8-752FE2A5EB3E}.Release|Any CPU.Build.0 = Release|Any CPU
	EndGlobalSection
	GlobalSection(SolutionProperties) = preSolution
		HideSolutionNode = FALSE
	EndGlobalSection
	GlobalSection(ExtensibilityGlobals) = postSolution
		SolutionGuid = {6B2BD616-1118-4778-942D-CADC40584B55}
	EndGlobalSection
EndGlobal
